
Microsoft Visual Studio Solution File, Format Version 12.00
# Visual Studio Version 17
VisualStudioVersion = 17.9.34728.123
MinimumVisualStudioVersion = 10.0.40219.1
Project("{FAE04EC0-301F-11D3-BF4B-00C04F79EFBC}") = "FactoryMethodPattern", "FactoryMethodPattern.csproj", "{0527D073-ABFB-4779-AC41-92DE810675A7}"
EndProject
Global
	GlobalSection(SolutionConfigurationPlatforms) = preSolution
		Debug|Any CPU = Debug|Any CPU
		Release|Any CPU = Release|Any CPU
	EndGlobalSection
	GlobalSection(ProjectConfigurationPlatforms) = postSolution
		{0527D073-ABFB-4779-AC41-92DE810675A7}.Debug|Any CPU.ActiveCfg = Debug|Any CPU
		{0527D073-ABFB-4779-AC41-92DE810675A7}.Debug|Any CPU.Build.0 = Debug|Any CPU
		{0527D073-ABFB-4779-AC41-92DE810675A7}.Release|Any CPU.ActiveCfg = Release|Any CPU
		{0527D073-ABFB-4779-AC41-92DE810675A7}.Release|Any CPU.Build.0 = Release|Any CPU
	EndGlobalSection
	GlobalSection(SolutionProperties) = preSolution
		HideSolutionNode = FALSE
	EndGlobalSection
	GlobalSection(ExtensibilityGlobals) = postSolution
		SolutionGuid = {561A0284-0CD6-4D5E-A9AD-E6744D113CE1}
	EndGlobalSection
EndGlobal
